// !$*UTF8*$!
{
	archiveVersion = 1;
	classes = {
	};
	objectVersion = 50;
	objects = {

/* Begin PBXBuildFile section */
		4C37A5F725D8CF6500B91243 /* EmptyView.swift in Sources */ = {isa = PBXBuildFile; fileRef = 4C37A5F625D8CF6500B91243 /* EmptyView.swift */; };
		4C45743725D72976008CB291 /* PaddedTextField.swift in Sources */ = {isa = PBXBuildFile; fileRef = 4C45743625D72976008CB291 /* PaddedTextField.swift */; };
		4C75AE4525D3705A00ECE188 /* RestaurantDetailVC.swift in Sources */ = {isa = PBXBuildFile; fileRef = 4C75AE4425D3705A00ECE188 /* RestaurantDetailVC.swift */; };
		4C75AE5825D38AB000ECE188 /* Rubik-Regular.ttf in Resources */ = {isa = PBXBuildFile; fileRef = 4C75AE4A25D38AAF00ECE188 /* Rubik-Regular.ttf */; };
		4C75AE5925D38AB000ECE188 /* Rubik-ExtraBoldItalic.ttf in Resources */ = {isa = PBXBuildFile; fileRef = 4C75AE4B25D38AAF00ECE188 /* Rubik-ExtraBoldItalic.ttf */; };
		4C75AE5A25D38AB000ECE188 /* Rubik-BlackItalic.ttf in Resources */ = {isa = PBXBuildFile; fileRef = 4C75AE4C25D38AAF00ECE188 /* Rubik-BlackItalic.ttf */; };
		4C75AE5B25D38AB000ECE188 /* Rubik-Italic.ttf in Resources */ = {isa = PBXBuildFile; fileRef = 4C75AE4D25D38AAF00ECE188 /* Rubik-Italic.ttf */; };
		4C75AE5C25D38AB000ECE188 /* Rubik-SemiBold.ttf in Resources */ = {isa = PBXBuildFile; fileRef = 4C75AE4E25D38AB000ECE188 /* Rubik-SemiBold.ttf */; };
		4C75AE5D25D38AB000ECE188 /* Rubik-Medium.ttf in Resources */ = {isa = PBXBuildFile; fileRef = 4C75AE4F25D38AB000ECE188 /* Rubik-Medium.ttf */; };
		4C75AE5E25D38AB000ECE188 /* Rubik-MediumItalic.ttf in Resources */ = {isa = PBXBuildFile; fileRef = 4C75AE5025D38AB000ECE188 /* Rubik-MediumItalic.ttf */; };
		4C75AE5F25D38AB000ECE188 /* Rubik-ExtraBold.ttf in Resources */ = {isa = PBXBuildFile; fileRef = 4C75AE5125D38AB000ECE188 /* Rubik-ExtraBold.ttf */; };
		4C75AE6025D38AB000ECE188 /* Rubik-SemiBoldItalic.ttf in Resources */ = {isa = PBXBuildFile; fileRef = 4C75AE5225D38AB000ECE188 /* Rubik-SemiBoldItalic.ttf */; };
		4C75AE6125D38AB000ECE188 /* Rubik-Bold.ttf in Resources */ = {isa = PBXBuildFile; fileRef = 4C75AE5325D38AB000ECE188 /* Rubik-Bold.ttf */; };
		4C75AE6225D38AB000ECE188 /* Rubik-LightItalic.ttf in Resources */ = {isa = PBXBuildFile; fileRef = 4C75AE5425D38AB000ECE188 /* Rubik-LightItalic.ttf */; };
		4C75AE6325D38AB000ECE188 /* Rubik-Black.ttf in Resources */ = {isa = PBXBuildFile; fileRef = 4C75AE5525D38AB000ECE188 /* Rubik-Black.ttf */; };
		4C75AE6425D38AB000ECE188 /* Rubik-BoldItalic.ttf in Resources */ = {isa = PBXBuildFile; fileRef = 4C75AE5625D38AB000ECE188 /* Rubik-BoldItalic.ttf */; };
		4C75AE6525D38AB000ECE188 /* Rubik-Light.ttf in Resources */ = {isa = PBXBuildFile; fileRef = 4C75AE5725D38AB000ECE188 /* Rubik-Light.ttf */; };
		4C75AE6825D38BCB00ECE188 /* RestaurantDetailVCHeaderView.swift in Sources */ = {isa = PBXBuildFile; fileRef = 4C75AE6725D38BCB00ECE188 /* RestaurantDetailVCHeaderView.swift */; };
		4C75AE6D25D399DB00ECE188 /* RestaurantDetailIconTextCell.swift in Sources */ = {isa = PBXBuildFile; fileRef = 4C75AE6C25D399DB00ECE188 /* RestaurantDetailIconTextCell.swift */; };
		4C75AE7025D39C1000ECE188 /* RestaurantDetailTextCell.swift in Sources */ = {isa = PBXBuildFile; fileRef = 4C75AE6F25D39C1000ECE188 /* RestaurantDetailTextCell.swift */; };
		4CA8FD9A25D79969007CE3A3 /* GoodEats.xcdatamodeld in Sources */ = {isa = PBXBuildFile; fileRef = 4CA8FD9825D79969007CE3A3 /* GoodEats.xcdatamodeld */; };
		4CA8FD9E25D79A6E007CE3A3 /* CoreDataManager.swift in Sources */ = {isa = PBXBuildFile; fileRef = 4CA8FD9D25D79A6E007CE3A3 /* CoreDataManager.swift */; };
		4CC76ED525D5B74D00D072A2 /* RestaurantDetailRatingButtonView.swift in Sources */ = {isa = PBXBuildFile; fileRef = 4CC76ED425D5B74D00D072A2 /* RestaurantDetailRatingButtonView.swift */; };
		4CC76ED825D5BFD400D072A2 /* RatingVC.swift in Sources */ = {isa = PBXBuildFile; fileRef = 4CC76ED725D5BFD400D072A2 /* RatingVC.swift */; };
		4CC76EDB25D5C5F200D072A2 /* UIButton.swift in Sources */ = {isa = PBXBuildFile; fileRef = 4CC76EDA25D5C5F200D072A2 /* UIButton.swift */; };
		4CC76EDF25D6382400D072A2 /* AddNewRestaurantVC.swift in Sources */ = {isa = PBXBuildFile; fileRef = 4CC76EDE25D6382400D072A2 /* AddNewRestaurantVC.swift */; };
		4CC76EE525D6400700D072A2 /* NewRestaurantImageCell.swift in Sources */ = {isa = PBXBuildFile; fileRef = 4CC76EE425D6400700D072A2 /* NewRestaurantImageCell.swift */; };
		4CC76EE825D6416B00D072A2 /* BasicInputCell.swift in Sources */ = {isa = PBXBuildFile; fileRef = 4CC76EE725D6416B00D072A2 /* BasicInputCell.swift */; };
		4CC76EEB25D645FC00D072A2 /* TypeInputCell.swift in Sources */ = {isa = PBXBuildFile; fileRef = 4CC76EEA25D645FC00D072A2 /* TypeInputCell.swift */; };
		4CC76EEF25D646C300D072A2 /* NameInputCell.swift in Sources */ = {isa = PBXBuildFile; fileRef = 4CC76EEE25D646C300D072A2 /* NameInputCell.swift */; };
		4CC76EF225D646CC00D072A2 /* AddressInputCell.swift in Sources */ = {isa = PBXBuildFile; fileRef = 4CC76EF125D646CC00D072A2 /* AddressInputCell.swift */; };
		4CC76EF525D646D100D072A2 /* PhoneInputCell.swift in Sources */ = {isa = PBXBuildFile; fileRef = 4CC76EF425D646D100D072A2 /* PhoneInputCell.swift */; };
		4CC76EF825D6485E00D072A2 /* DescriptionInputCell.swift in Sources */ = {isa = PBXBuildFile; fileRef = 4CC76EF725D6485E00D072A2 /* DescriptionInputCell.swift */; };
		4CCD6D1C25D1EF2600B9E299 /* AppDelegate.swift in Sources */ = {isa = PBXBuildFile; fileRef = 4CCD6D1B25D1EF2600B9E299 /* AppDelegate.swift */; };
		4CCD6D1E25D1EF2600B9E299 /* SceneDelegate.swift in Sources */ = {isa = PBXBuildFile; fileRef = 4CCD6D1D25D1EF2600B9E299 /* SceneDelegate.swift */; };
		4CCD6D2025D1EF2600B9E299 /* RestaurantVC.swift in Sources */ = {isa = PBXBuildFile; fileRef = 4CCD6D1F25D1EF2600B9E299 /* RestaurantVC.swift */; };
		4CCD6D2525D1EF2700B9E299 /* Assets.xcassets in Resources */ = {isa = PBXBuildFile; fileRef = 4CCD6D2425D1EF2700B9E299 /* Assets.xcassets */; };
		4CCD6D2825D1EF2700B9E299 /* LaunchScreen.storyboard in Resources */ = {isa = PBXBuildFile; fileRef = 4CCD6D2625D1EF2700B9E299 /* LaunchScreen.storyboard */; };
		4CCD6D3525D1F00100B9E299 /* UIView.swift in Sources */ = {isa = PBXBuildFile; fileRef = 4CCD6D3425D1F00100B9E299 /* UIView.swift */; };
		4CCD6D3E25D1F79E00B9E299 /* RestaurantTableViewCell.swift in Sources */ = {isa = PBXBuildFile; fileRef = 4CCD6D3D25D1F79E00B9E299 /* RestaurantTableViewCell.swift */; };
		4CCD6D4325D24A6A00B9E299 /* Restaurant.swift in Sources */ = {isa = PBXBuildFile; fileRef = 4CCD6D4225D24A6A00B9E299 /* Restaurant.swift */; };
		4CEAA67525D4774C0046AE6F /* UIColor.swift in Sources */ = {isa = PBXBuildFile; fileRef = 4CEAA67425D4774C0046AE6F /* UIColor.swift */; };
		4CEAA68225D491500046AE6F /* RestaurantDetailSeparatorCell.swift in Sources */ = {isa = PBXBuildFile; fileRef = 4CEAA68125D491500046AE6F /* RestaurantDetailSeparatorCell.swift */; };
		4CEAA68625D4DC370046AE6F /* RestaurantDetailMapCell.swift in Sources */ = {isa = PBXBuildFile; fileRef = 4CEAA68525D4DC370046AE6F /* RestaurantDetailMapCell.swift */; };
		4CEAA68925D4E13F0046AE6F /* MapVC.swift in Sources */ = {isa = PBXBuildFile; fileRef = 4CEAA68825D4E13F0046AE6F /* MapVC.swift */; };
/* End PBXBuildFile section */

/* Begin PBXFileReference section */
		4C37A5F625D8CF6500B91243 /* EmptyView.swift */ = {isa = PBXFileReference; lastKnownFileType = sourcecode.swift; path = EmptyView.swift; sourceTree = "<group>"; };
		4C45743625D72976008CB291 /* PaddedTextField.swift */ = {isa = PBXFileReference; lastKnownFileType = sourcecode.swift; path = PaddedTextField.swift; sourceTree = "<group>"; };
		4C75AE4425D3705A00ECE188 /* RestaurantDetailVC.swift */ = {isa = PBXFileReference; lastKnownFileType = sourcecode.swift; path = RestaurantDetailVC.swift; sourceTree = "<group>"; };
		4C75AE4A25D38AAF00ECE188 /* Rubik-Regular.ttf */ = {isa = PBXFileReference; lastKnownFileType = file; path = "Rubik-Regular.ttf"; sourceTree = "<group>"; };
		4C75AE4B25D38AAF00ECE188 /* Rubik-ExtraBoldItalic.ttf */ = {isa = PBXFileReference; lastKnownFileType = file; path = "Rubik-ExtraBoldItalic.ttf"; sourceTree = "<group>"; };
		4C75AE4C25D38AAF00ECE188 /* Rubik-BlackItalic.ttf */ = {isa = PBXFileReference; lastKnownFileType = file; path = "Rubik-BlackItalic.ttf"; sourceTree = "<group>"; };
		4C75AE4D25D38AAF00ECE188 /* Rubik-Italic.ttf */ = {isa = PBXFileReference; lastKnownFileType = file; path = "Rubik-Italic.ttf"; sourceTree = "<group>"; };
		4C75AE4E25D38AB000ECE188 /* Rubik-SemiBold.ttf */ = {isa = PBXFileReference; lastKnownFileType = file; path = "Rubik-SemiBold.ttf"; sourceTree = "<group>"; };
		4C75AE4F25D38AB000ECE188 /* Rubik-Medium.ttf */ = {isa = PBXFileReference; lastKnownFileType = file; path = "Rubik-Medium.ttf"; sourceTree = "<group>"; };
		4C75AE5025D38AB000ECE188 /* Rubik-MediumItalic.ttf */ = {isa = PBXFileReference; lastKnownFileType = file; path = "Rubik-MediumItalic.ttf"; sourceTree = "<group>"; };
		4C75AE5125D38AB000ECE188 /* Rubik-ExtraBold.ttf */ = {isa = PBXFileReference; lastKnownFileType = file; path = "Rubik-ExtraBold.ttf"; sourceTree = "<group>"; };
		4C75AE5225D38AB000ECE188 /* Rubik-SemiBoldItalic.ttf */ = {isa = PBXFileReference; lastKnownFileType = file; path = "Rubik-SemiBoldItalic.ttf"; sourceTree = "<group>"; };
		4C75AE5325D38AB000ECE188 /* Rubik-Bold.ttf */ = {isa = PBXFileReference; lastKnownFileType = file; path = "Rubik-Bold.ttf"; sourceTree = "<group>"; };
		4C75AE5425D38AB000ECE188 /* Rubik-LightItalic.ttf */ = {isa = PBXFileReference; lastKnownFileType = file; path = "Rubik-LightItalic.ttf"; sourceTree = "<group>"; };
		4C75AE5525D38AB000ECE188 /* Rubik-Black.ttf */ = {isa = PBXFileReference; lastKnownFileType = file; path = "Rubik-Black.ttf"; sourceTree = "<group>"; };
		4C75AE5625D38AB000ECE188 /* Rubik-BoldItalic.ttf */ = {isa = PBXFileReference; lastKnownFileType = file; path = "Rubik-BoldItalic.ttf"; sourceTree = "<group>"; };
		4C75AE5725D38AB000ECE188 /* Rubik-Light.ttf */ = {isa = PBXFileReference; lastKnownFileType = file; path = "Rubik-Light.ttf"; sourceTree = "<group>"; };
		4C75AE6725D38BCB00ECE188 /* RestaurantDetailVCHeaderView.swift */ = {isa = PBXFileReference; lastKnownFileType = sourcecode.swift; path = RestaurantDetailVCHeaderView.swift; sourceTree = "<group>"; };
		4C75AE6C25D399DB00ECE188 /* RestaurantDetailIconTextCell.swift */ = {isa = PBXFileReference; lastKnownFileType = sourcecode.swift; path = RestaurantDetailIconTextCell.swift; sourceTree = "<group>"; };
		4C75AE6F25D39C1000ECE188 /* RestaurantDetailTextCell.swift */ = {isa = PBXFileReference; lastKnownFileType = sourcecode.swift; path = RestaurantDetailTextCell.swift; sourceTree = "<group>"; };
		4CA8FD9925D79969007CE3A3 /* GoodEats.xcdatamodel */ = {isa = PBXFileReference; lastKnownFileType = wrapper.xcdatamodel; path = GoodEats.xcdatamodel; sourceTree = "<group>"; };
		4CA8FD9D25D79A6E007CE3A3 /* CoreDataManager.swift */ = {isa = PBXFileReference; lastKnownFileType = sourcecode.swift; path = CoreDataManager.swift; sourceTree = "<group>"; };
		4CC76ED425D5B74D00D072A2 /* RestaurantDetailRatingButtonView.swift */ = {isa = PBXFileReference; lastKnownFileType = sourcecode.swift; path = RestaurantDetailRatingButtonView.swift; sourceTree = "<group>"; };
		4CC76ED725D5BFD400D072A2 /* RatingVC.swift */ = {isa = PBXFileReference; lastKnownFileType = sourcecode.swift; path = RatingVC.swift; sourceTree = "<group>"; };
		4CC76EDA25D5C5F200D072A2 /* UIButton.swift */ = {isa = PBXFileReference; lastKnownFileType = sourcecode.swift; path = UIButton.swift; sourceTree = "<group>"; };
		4CC76EDE25D6382400D072A2 /* AddNewRestaurantVC.swift */ = {isa = PBXFileReference; lastKnownFileType = sourcecode.swift; path = AddNewRestaurantVC.swift; sourceTree = "<group>"; };
		4CC76EE425D6400700D072A2 /* NewRestaurantImageCell.swift */ = {isa = PBXFileReference; lastKnownFileType = sourcecode.swift; path = NewRestaurantImageCell.swift; sourceTree = "<group>"; };
		4CC76EE725D6416B00D072A2 /* BasicInputCell.swift */ = {isa = PBXFileReference; lastKnownFileType = sourcecode.swift; path = BasicInputCell.swift; sourceTree = "<group>"; };
		4CC76EEA25D645FC00D072A2 /* TypeInputCell.swift */ = {isa = PBXFileReference; lastKnownFileType = sourcecode.swift; path = TypeInputCell.swift; sourceTree = "<group>"; };
		4CC76EEE25D646C300D072A2 /* NameInputCell.swift */ = {isa = PBXFileReference; lastKnownFileType = sourcecode.swift; path = NameInputCell.swift; sourceTree = "<group>"; };
		4CC76EF125D646CC00D072A2 /* AddressInputCell.swift */ = {isa = PBXFileReference; lastKnownFileType = sourcecode.swift; path = AddressInputCell.swift; sourceTree = "<group>"; };
		4CC76EF425D646D100D072A2 /* PhoneInputCell.swift */ = {isa = PBXFileReference; lastKnownFileType = sourcecode.swift; path = PhoneInputCell.swift; sourceTree = "<group>"; };
		4CC76EF725D6485E00D072A2 /* DescriptionInputCell.swift */ = {isa = PBXFileReference; lastKnownFileType = sourcecode.swift; path = DescriptionInputCell.swift; sourceTree = "<group>"; };
		4CCD6D1825D1EF2600B9E299 /* GoodEats.app */ = {isa = PBXFileReference; explicitFileType = wrapper.application; includeInIndex = 0; path = GoodEats.app; sourceTree = BUILT_PRODUCTS_DIR; };
		4CCD6D1B25D1EF2600B9E299 /* AppDelegate.swift */ = {isa = PBXFileReference; lastKnownFileType = sourcecode.swift; path = AppDelegate.swift; sourceTree = "<group>"; };
		4CCD6D1D25D1EF2600B9E299 /* SceneDelegate.swift */ = {isa = PBXFileReference; lastKnownFileType = sourcecode.swift; path = SceneDelegate.swift; sourceTree = "<group>"; };
		4CCD6D1F25D1EF2600B9E299 /* RestaurantVC.swift */ = {isa = PBXFileReference; lastKnownFileType = sourcecode.swift; path = RestaurantVC.swift; sourceTree = "<group>"; };
		4CCD6D2425D1EF2700B9E299 /* Assets.xcassets */ = {isa = PBXFileReference; lastKnownFileType = folder.assetcatalog; path = Assets.xcassets; sourceTree = "<group>"; };
		4CCD6D2725D1EF2700B9E299 /* Base */ = {isa = PBXFileReference; lastKnownFileType = file.storyboard; name = Base; path = Base.lproj/LaunchScreen.storyboard; sourceTree = "<group>"; };
		4CCD6D2925D1EF2700B9E299 /* Info.plist */ = {isa = PBXFileReference; lastKnownFileType = text.plist.xml; path = Info.plist; sourceTree = "<group>"; };
		4CCD6D3425D1F00100B9E299 /* UIView.swift */ = {isa = PBXFileReference; lastKnownFileType = sourcecode.swift; path = UIView.swift; sourceTree = "<group>"; };
		4CCD6D3D25D1F79E00B9E299 /* RestaurantTableViewCell.swift */ = {isa = PBXFileReference; lastKnownFileType = sourcecode.swift; path = RestaurantTableViewCell.swift; sourceTree = "<group>"; };
		4CCD6D4225D24A6A00B9E299 /* Restaurant.swift */ = {isa = PBXFileReference; lastKnownFileType = sourcecode.swift; path = Restaurant.swift; sourceTree = "<group>"; };
		4CEAA67425D4774C0046AE6F /* UIColor.swift */ = {isa = PBXFileReference; lastKnownFileType = sourcecode.swift; path = UIColor.swift; sourceTree = "<group>"; };
		4CEAA68125D491500046AE6F /* RestaurantDetailSeparatorCell.swift */ = {isa = PBXFileReference; lastKnownFileType = sourcecode.swift; path = RestaurantDetailSeparatorCell.swift; sourceTree = "<group>"; };
		4CEAA68525D4DC370046AE6F /* RestaurantDetailMapCell.swift */ = {isa = PBXFileReference; lastKnownFileType = sourcecode.swift; path = RestaurantDetailMapCell.swift; sourceTree = "<group>"; };
		4CEAA68825D4E13F0046AE6F /* MapVC.swift */ = {isa = PBXFileReference; lastKnownFileType = sourcecode.swift; path = MapVC.swift; sourceTree = "<group>"; };
/* End PBXFileReference section */

/* Begin PBXFrameworksBuildPhase section */
		4CCD6D1525D1EF2600B9E299 /* Frameworks */ = {
			isa = PBXFrameworksBuildPhase;
			buildActionMask = 2147483647;
			files = (
			);
			runOnlyForDeploymentPostprocessing = 0;
		};
/* End PBXFrameworksBuildPhase section */

/* Begin PBXGroup section */
		4C75AE4825D38A3800ECE188 /* Resources */ = {
			isa = PBXGroup;
			children = (
				4C75AE4925D38A4700ECE188 /* Fonts */,
			);
			path = Resources;
			sourceTree = "<group>";
		};
		4C75AE4925D38A4700ECE188 /* Fonts */ = {
			isa = PBXGroup;
			children = (
				4C75AE5525D38AB000ECE188 /* Rubik-Black.ttf */,
				4C75AE4C25D38AAF00ECE188 /* Rubik-BlackItalic.ttf */,
				4C75AE5325D38AB000ECE188 /* Rubik-Bold.ttf */,
				4C75AE5625D38AB000ECE188 /* Rubik-BoldItalic.ttf */,
				4C75AE5125D38AB000ECE188 /* Rubik-ExtraBold.ttf */,
				4C75AE4B25D38AAF00ECE188 /* Rubik-ExtraBoldItalic.ttf */,
				4C75AE4D25D38AAF00ECE188 /* Rubik-Italic.ttf */,
				4C75AE5725D38AB000ECE188 /* Rubik-Light.ttf */,
				4C75AE5425D38AB000ECE188 /* Rubik-LightItalic.ttf */,
				4C75AE4F25D38AB000ECE188 /* Rubik-Medium.ttf */,
				4C75AE5025D38AB000ECE188 /* Rubik-MediumItalic.ttf */,
				4C75AE4A25D38AAF00ECE188 /* Rubik-Regular.ttf */,
				4C75AE4E25D38AB000ECE188 /* Rubik-SemiBold.ttf */,
				4C75AE5225D38AB000ECE188 /* Rubik-SemiBoldItalic.ttf */,
			);
			path = Fonts;
			sourceTree = "<group>";
		};
		4CA8FD9C25D79970007CE3A3 /* CoreData */ = {
			isa = PBXGroup;
			children = (
				4CA8FD9825D79969007CE3A3 /* GoodEats.xcdatamodeld */,
				4CA8FD9D25D79A6E007CE3A3 /* CoreDataManager.swift */,
			);
			path = CoreData;
			sourceTree = "<group>";
		};
		4CC76EE125D639CC00D072A2 /* RestaurantDetailVC */ = {
			isa = PBXGroup;
			children = (
				4C75AE6725D38BCB00ECE188 /* RestaurantDetailVCHeaderView.swift */,
				4C75AE6C25D399DB00ECE188 /* RestaurantDetailIconTextCell.swift */,
				4C75AE6F25D39C1000ECE188 /* RestaurantDetailTextCell.swift */,
				4CEAA68125D491500046AE6F /* RestaurantDetailSeparatorCell.swift */,
				4CEAA68525D4DC370046AE6F /* RestaurantDetailMapCell.swift */,
				4CC76ED425D5B74D00D072A2 /* RestaurantDetailRatingButtonView.swift */,
			);
			path = RestaurantDetailVC;
			sourceTree = "<group>";
		};
		4CC76EE325D63FD200D072A2 /* AddNewRestaurantVC */ = {
			isa = PBXGroup;
			children = (
				4CC76EE425D6400700D072A2 /* NewRestaurantImageCell.swift */,
				4CC76EE725D6416B00D072A2 /* BasicInputCell.swift */,
				4CC76EEE25D646C300D072A2 /* NameInputCell.swift */,
				4CC76EEA25D645FC00D072A2 /* TypeInputCell.swift */,
				4CC76EF125D646CC00D072A2 /* AddressInputCell.swift */,
				4CC76EF425D646D100D072A2 /* PhoneInputCell.swift */,
				4CC76EF725D6485E00D072A2 /* DescriptionInputCell.swift */,
			);
			path = AddNewRestaurantVC;
			sourceTree = "<group>";
		};
		4CCD6D0F25D1EF2600B9E299 = {
			isa = PBXGroup;
			children = (
				4CCD6D1A25D1EF2600B9E299 /* GoodEats */,
				4CCD6D1925D1EF2600B9E299 /* Products */,
			);
			sourceTree = "<group>";
		};
		4CCD6D1925D1EF2600B9E299 /* Products */ = {
			isa = PBXGroup;
			children = (
				4CCD6D1825D1EF2600B9E299 /* GoodEats.app */,
			);
			name = Products;
			sourceTree = "<group>";
		};
		4CCD6D1A25D1EF2600B9E299 /* GoodEats */ = {
			isa = PBXGroup;
			children = (
				4CA8FD9C25D79970007CE3A3 /* CoreData */,
				4C75AE4825D38A3800ECE188 /* Resources */,
				4CCD6D3725D1F00900B9E299 /* Extensions */,
				4CCD6D3025D1EF4B00B9E299 /* App */,
				4CCD6D4125D24A6000B9E299 /* Models */,
				4CCD6D3C25D1F76C00B9E299 /* Views */,
				4CCD6D3A25D1F76500B9E299 /* Controllers */,
				4CCD6D2425D1EF2700B9E299 /* Assets.xcassets */,
				4CCD6D2625D1EF2700B9E299 /* LaunchScreen.storyboard */,
				4CCD6D2925D1EF2700B9E299 /* Info.plist */,
			);
			path = GoodEats;
			sourceTree = "<group>";
		};
		4CCD6D3025D1EF4B00B9E299 /* App */ = {
			isa = PBXGroup;
			children = (
				4CCD6D1B25D1EF2600B9E299 /* AppDelegate.swift */,
				4CCD6D1D25D1EF2600B9E299 /* SceneDelegate.swift */,
			);
			path = App;
			sourceTree = "<group>";
		};
		4CCD6D3725D1F00900B9E299 /* Extensions */ = {
			isa = PBXGroup;
			children = (
				4CCD6D3425D1F00100B9E299 /* UIView.swift */,
				4CEAA67425D4774C0046AE6F /* UIColor.swift */,
				4CC76EDA25D5C5F200D072A2 /* UIButton.swift */,
			);
			path = Extensions;
			sourceTree = "<group>";
		};
		4CCD6D3A25D1F76500B9E299 /* Controllers */ = {
			isa = PBXGroup;
			children = (
				4CCD6D1F25D1EF2600B9E299 /* RestaurantVC.swift */,
				4C75AE4425D3705A00ECE188 /* RestaurantDetailVC.swift */,
				4CEAA68825D4E13F0046AE6F /* MapVC.swift */,
				4CC76ED725D5BFD400D072A2 /* RatingVC.swift */,
				4CC76EDE25D6382400D072A2 /* AddNewRestaurantVC.swift */,
			);
			path = Controllers;
			sourceTree = "<group>";
		};
		4CCD6D3C25D1F76C00B9E299 /* Views */ = {
			isa = PBXGroup;
			children = (
				4C45743625D72976008CB291 /* PaddedTextField.swift */,
				4CCD6D3D25D1F79E00B9E299 /* RestaurantTableViewCell.swift */,
				4C37A5F625D8CF6500B91243 /* EmptyView.swift */,
				4CC76EE125D639CC00D072A2 /* RestaurantDetailVC */,
				4CC76EE325D63FD200D072A2 /* AddNewRestaurantVC */,
			);
			path = Views;
			sourceTree = "<group>";
		};
		4CCD6D4125D24A6000B9E299 /* Models */ = {
			isa = PBXGroup;
			children = (
				4CCD6D4225D24A6A00B9E299 /* Restaurant.swift */,
			);
			path = Models;
			sourceTree = "<group>";
		};
/* End PBXGroup section */

/* Begin PBXNativeTarget section */
		4CCD6D1725D1EF2600B9E299 /* GoodEats */ = {
			isa = PBXNativeTarget;
			buildConfigurationList = 4CCD6D2C25D1EF2700B9E299 /* Build configuration list for PBXNativeTarget "GoodEats" */;
			buildPhases = (
				4CCD6D1425D1EF2600B9E299 /* Sources */,
				4CCD6D1525D1EF2600B9E299 /* Frameworks */,
				4CCD6D1625D1EF2600B9E299 /* Resources */,
			);
			buildRules = (
			);
			dependencies = (
			);
			name = GoodEats;
			productName = GoodEats;
			productReference = 4CCD6D1825D1EF2600B9E299 /* GoodEats.app */;
			productType = "com.apple.product-type.application";
		};
/* End PBXNativeTarget section */

/* Begin PBXProject section */
		4CCD6D1025D1EF2600B9E299 /* Project object */ = {
			isa = PBXProject;
			attributes = {
				LastSwiftUpdateCheck = 1240;
				LastUpgradeCheck = 1240;
				TargetAttributes = {
					4CCD6D1725D1EF2600B9E299 = {
						CreatedOnToolsVersion = 12.4;
					};
				};
			};
			buildConfigurationList = 4CCD6D1325D1EF2600B9E299 /* Build configuration list for PBXProject "GoodEats" */;
			compatibilityVersion = "Xcode 9.3";
			developmentRegion = en;
			hasScannedForEncodings = 0;
			knownRegions = (
				en,
				Base,
			);
			mainGroup = 4CCD6D0F25D1EF2600B9E299;
			productRefGroup = 4CCD6D1925D1EF2600B9E299 /* Products */;
			projectDirPath = "";
			projectRoot = "";
			targets = (
				4CCD6D1725D1EF2600B9E299 /* GoodEats */,
			);
		};
/* End PBXProject section */

/* Begin PBXResourcesBuildPhase section */
		4CCD6D1625D1EF2600B9E299 /* Resources */ = {
			isa = PBXResourcesBuildPhase;
			buildActionMask = 2147483647;
			files = (
				4C75AE5A25D38AB000ECE188 /* Rubik-BlackItalic.ttf in Resources */,
				4C75AE6125D38AB000ECE188 /* Rubik-Bold.ttf in Resources */,
				4C75AE5E25D38AB000ECE188 /* Rubik-MediumItalic.ttf in Resources */,
				4C75AE6025D38AB000ECE188 /* Rubik-SemiBoldItalic.ttf in Resources */,
				4CCD6D2825D1EF2700B9E299 /* LaunchScreen.storyboard in Resources */,
				4C75AE5B25D38AB000ECE188 /* Rubik-Italic.ttf in Resources */,
				4C75AE5825D38AB000ECE188 /* Rubik-Regular.ttf in Resources */,
				4C75AE6225D38AB000ECE188 /* Rubik-LightItalic.ttf in Resources */,
				4C75AE5925D38AB000ECE188 /* Rubik-ExtraBoldItalic.ttf in Resources */,
				4C75AE5F25D38AB000ECE188 /* Rubik-ExtraBold.ttf in Resources */,
				4C75AE6425D38AB000ECE188 /* Rubik-BoldItalic.ttf in Resources */,
				4C75AE6325D38AB000ECE188 /* Rubik-Black.ttf in Resources */,
				4CCD6D2525D1EF2700B9E299 /* Assets.xcassets in Resources */,
				4C75AE6525D38AB000ECE188 /* Rubik-Light.ttf in Resources */,
				4C75AE5C25D38AB000ECE188 /* Rubik-SemiBold.ttf in Resources */,
				4C75AE5D25D38AB000ECE188 /* Rubik-Medium.ttf in Resources */,
			);
			runOnlyForDeploymentPostprocessing = 0;
		};
/* End PBXResourcesBuildPhase section */

/* Begin PBXSourcesBuildPhase section */
		4CCD6D1425D1EF2600B9E299 /* Sources */ = {
			isa = PBXSourcesBuildPhase;
			buildActionMask = 2147483647;
			files = (
				4CC76EDB25D5C5F200D072A2 /* UIButton.swift in Sources */,
				4CCD6D3E25D1F79E00B9E299 /* RestaurantTableViewCell.swift in Sources */,
				4CC76EDF25D6382400D072A2 /* AddNewRestaurantVC.swift in Sources */,
				4CC76ED525D5B74D00D072A2 /* RestaurantDetailRatingButtonView.swift in Sources */,
				4CCD6D3525D1F00100B9E299 /* UIView.swift in Sources */,
				4CC76EF825D6485E00D072A2 /* DescriptionInputCell.swift in Sources */,
				4C37A5F725D8CF6500B91243 /* EmptyView.swift in Sources */,
				4CC76EE825D6416B00D072A2 /* BasicInputCell.swift in Sources */,
				4C75AE7025D39C1000ECE188 /* RestaurantDetailTextCell.swift in Sources */,
				4C75AE6D25D399DB00ECE188 /* RestaurantDetailIconTextCell.swift in Sources */,
				4CCD6D4325D24A6A00B9E299 /* Restaurant.swift in Sources */,
				4CCD6D2025D1EF2600B9E299 /* RestaurantVC.swift in Sources */,
				4CC76ED825D5BFD400D072A2 /* RatingVC.swift in Sources */,
				4CCD6D1C25D1EF2600B9E299 /* AppDelegate.swift in Sources */,
				4CA8FD9A25D79969007CE3A3 /* GoodEats.xcdatamodeld in Sources */,
				4CEAA68225D491500046AE6F /* RestaurantDetailSeparatorCell.swift in Sources */,
				4CEAA68625D4DC370046AE6F /* RestaurantDetailMapCell.swift in Sources */,
				4CC76EE525D6400700D072A2 /* NewRestaurantImageCell.swift in Sources */,
				4CC76EF225D646CC00D072A2 /* AddressInputCell.swift in Sources */,
				4C45743725D72976008CB291 /* PaddedTextField.swift in Sources */,
				4CEAA67525D4774C0046AE6F /* UIColor.swift in Sources */,
				4CC76EF525D646D100D072A2 /* PhoneInputCell.swift in Sources */,
				4C75AE4525D3705A00ECE188 /* RestaurantDetailVC.swift in Sources */,
				4CEAA68925D4E13F0046AE6F /* MapVC.swift in Sources */,
				4C75AE6825D38BCB00ECE188 /* RestaurantDetailVCHeaderView.swift in Sources */,
				4CCD6D1E25D1EF2600B9E299 /* SceneDelegate.swift in Sources */,
				4CC76EEB25D645FC00D072A2 /* TypeInputCell.swift in Sources */,
				4CA8FD9E25D79A6E007CE3A3 /* CoreDataManager.swift in Sources */,
				4CC76EEF25D646C300D072A2 /* NameInputCell.swift in Sources */,
			);
			runOnlyForDeploymentPostprocessing = 0;
		};
/* End PBXSourcesBuildPhase section */

/* Begin PBXVariantGroup section */
		4CCD6D2625D1EF2700B9E299 /* LaunchScreen.storyboard */ = {
			isa = PBXVariantGroup;
			children = (
				4CCD6D2725D1EF2700B9E299 /* Base */,
			);
			name = LaunchScreen.storyboard;
			sourceTree = "<group>";
		};
/* End PBXVariantGroup section */

/* Begin XCBuildConfiguration section */
		4CCD6D2A25D1EF2700B9E299 /* Debug */ = {
			isa = XCBuildConfiguration;
			buildSettings = {
				ALWAYS_SEARCH_USER_PATHS = NO;
				CLANG_ANALYZER_NONNULL = YES;
				CLANG_ANALYZER_NUMBER_OBJECT_CONVERSION = YES_AGGRESSIVE;
				CLANG_CXX_LANGUAGE_STANDARD = "gnu++14";
				CLANG_CXX_LIBRARY = "libc++";
				CLANG_ENABLE_MODULES = YES;
				CLANG_ENABLE_OBJC_ARC = YES;
				CLANG_ENABLE_OBJC_WEAK = YES;
				CLANG_WARN_BLOCK_CAPTURE_AUTORELEASING = YES;
				CLANG_WARN_BOOL_CONVERSION = YES;
				CLANG_WARN_COMMA = YES;
				CLANG_WARN_CONSTANT_CONVERSION = YES;
				CLANG_WARN_DEPRECATED_OBJC_IMPLEMENTATIONS = YES;
				CLANG_WARN_DIRECT_OBJC_ISA_USAGE = YES_ERROR;
				CLANG_WARN_DOCUMENTATION_COMMENTS = YES;
				CLANG_WARN_EMPTY_BODY = YES;
				CLANG_WARN_ENUM_CONVERSION = YES;
				CLANG_WARN_INFINITE_RECURSION = YES;
				CLANG_WARN_INT_CONVERSION = YES;
				CLANG_WARN_NON_LITERAL_NULL_CONVERSION = YES;
				CLANG_WARN_OBJC_IMPLICIT_RETAIN_SELF = YES;
				CLANG_WARN_OBJC_LITERAL_CONVERSION = YES;
				CLANG_WARN_OBJC_ROOT_CLASS = YES_ERROR;
				CLANG_WARN_QUOTED_INCLUDE_IN_FRAMEWORK_HEADER = YES;
				CLANG_WARN_RANGE_LOOP_ANALYSIS = YES;
				CLANG_WARN_STRICT_PROTOTYPES = YES;
				CLANG_WARN_SUSPICIOUS_MOVE = YES;
				CLANG_WARN_UNGUARDED_AVAILABILITY = YES_AGGRESSIVE;
				CLANG_WARN_UNREACHABLE_CODE = YES;
				CLANG_WARN__DUPLICATE_METHOD_MATCH = YES;
				COPY_PHASE_STRIP = NO;
				DEBUG_INFORMATION_FORMAT = dwarf;
				ENABLE_STRICT_OBJC_MSGSEND = YES;
				ENABLE_TESTABILITY = YES;
				GCC_C_LANGUAGE_STANDARD = gnu11;
				GCC_DYNAMIC_NO_PIC = NO;
				GCC_NO_COMMON_BLOCKS = YES;
				GCC_OPTIMIZATION_LEVEL = 0;
				GCC_PREPROCESSOR_DEFINITIONS = (
					"DEBUG=1",
					"$(inherited)",
				);
				GCC_WARN_64_TO_32_BIT_CONVERSION = YES;
				GCC_WARN_ABOUT_RETURN_TYPE = YES_ERROR;
				GCC_WARN_UNDECLARED_SELECTOR = YES;
				GCC_WARN_UNINITIALIZED_AUTOS = YES_AGGRESSIVE;
				GCC_WARN_UNUSED_FUNCTION = YES;
				GCC_WARN_UNUSED_VARIABLE = YES;
				IPHONEOS_DEPLOYMENT_TARGET = 14.4;
				MTL_ENABLE_DEBUG_INFO = INCLUDE_SOURCE;
				MTL_FAST_MATH = YES;
				ONLY_ACTIVE_ARCH = YES;
				SDKROOT = iphoneos;
				SWIFT_ACTIVE_COMPILATION_CONDITIONS = DEBUG;
				SWIFT_OPTIMIZATION_LEVEL = "-Onone";
			};
			name = Debug;
		};
		4CCD6D2B25D1EF2700B9E299 /* Release */ = {
			isa = XCBuildConfiguration;
			buildSettings = {
				ALWAYS_SEARCH_USER_PATHS = NO;
				CLANG_ANALYZER_NONNULL = YES;
				CLANG_ANALYZER_NUMBER_OBJECT_CONVERSION = YES_AGGRESSIVE;
				CLANG_CXX_LANGUAGE_STANDARD = "gnu++14";
				CLANG_CXX_LIBRARY = "libc++";
				CLANG_ENABLE_MODULES = YES;
				CLANG_ENABLE_OBJC_ARC = YES;
				CLANG_ENABLE_OBJC_WEAK = YES;
				CLANG_WARN_BLOCK_CAPTURE_AUTORELEASING = YES;
				CLANG_WARN_BOOL_CONVERSION = YES;
				CLANG_WARN_COMMA = YES;
				CLANG_WARN_CONSTANT_CONVERSION = YES;
				CLANG_WARN_DEPRECATED_OBJC_IMPLEMENTATIONS = YES;
				CLANG_WARN_DIRECT_OBJC_ISA_USAGE = YES_ERROR;
				CLANG_WARN_DOCUMENTATION_COMMENTS = YES;
				CLANG_WARN_EMPTY_BODY = YES;
				CLANG_WARN_ENUM_CONVERSION = YES;
				CLANG_WARN_INFINITE_RECURSION = YES;
				CLANG_WARN_INT_CONVERSION = YES;
				CLANG_WARN_NON_LITERAL_NULL_CONVERSION = YES;
				CLANG_WARN_OBJC_IMPLICIT_RETAIN_SELF = YES;
				CLANG_WARN_OBJC_LITERAL_CONVERSION = YES;
				CLANG_WARN_OBJC_ROOT_CLASS = YES_ERROR;
				CLANG_WARN_QUOTED_INCLUDE_IN_FRAMEWORK_HEADER = YES;
				CLANG_WARN_RANGE_LOOP_ANALYSIS = YES;
				CLANG_WARN_STRICT_PROTOTYPES = YES;
				CLANG_WARN_SUSPICIOUS_MOVE = YES;
				CLANG_WARN_UNGUARDED_AVAILABILITY = YES_AGGRESSIVE;
				CLANG_WARN_UNREACHABLE_CODE = YES;
				CLANG_WARN__DUPLICATE_METHOD_MATCH = YES;
				COPY_PHASE_STRIP = NO;
				DEBUG_INFORMATION_FORMAT = "dwarf-with-dsym";
				ENABLE_NS_ASSERTIONS = NO;
				ENABLE_STRICT_OBJC_MSGSEND = YES;
				GCC_C_LANGUAGE_STANDARD = gnu11;
				GCC_NO_COMMON_BLOCKS = YES;
				GCC_WARN_64_TO_32_BIT_CONVERSION = YES;
				GCC_WARN_ABOUT_RETURN_TYPE = YES_ERROR;
				GCC_WARN_UNDECLARED_SELECTOR = YES;
				GCC_WARN_UNINITIALIZED_AUTOS = YES_AGGRESSIVE;
				GCC_WARN_UNUSED_FUNCTION = YES;
				GCC_WARN_UNUSED_VARIABLE = YES;
				IPHONEOS_DEPLOYMENT_TARGET = 14.4;
				MTL_ENABLE_DEBUG_INFO = NO;
				MTL_FAST_MATH = YES;
				SDKROOT = iphoneos;
				SWIFT_COMPILATION_MODE = wholemodule;
				SWIFT_OPTIMIZATION_LEVEL = "-O";
				VALIDATE_PRODUCT = YES;
			};
			name = Release;
		};
		4CCD6D2D25D1EF2700B9E299 /* Debug */ = {
			isa = XCBuildConfiguration;
			buildSettings = {
				ASSETCATALOG_COMPILER_APPICON_NAME = AppIcon;
				ASSETCATALOG_COMPILER_GLOBAL_ACCENT_COLOR_NAME = AccentColor;
				CODE_SIGN_STYLE = Automatic;
				DEVELOPMENT_TEAM = YNSMJAS38V;
				INFOPLIST_FILE = GoodEats/Info.plist;
				LD_RUNPATH_SEARCH_PATHS = (
					"$(inherited)",
					"@executable_path/Frameworks",
				);
				PRODUCT_BUNDLE_IDENTIFIER = com.williamyeung.GoodEats;
				PRODUCT_NAME = "$(TARGET_NAME)";
				SWIFT_VERSION = 5.0;
				TARGETED_DEVICE_FAMILY = "1,2";
			};
			name = Debug;
		};
		4CCD6D2E25D1EF2700B9E299 /* Release */ = {
			isa = XCBuildConfiguration;
			buildSettings = {
				ASSETCATALOG_COMPILER_APPICON_NAME = AppIcon;
				ASSETCATALOG_COMPILER_GLOBAL_ACCENT_COLOR_NAME = AccentColor;
				CODE_SIGN_STYLE = Automatic;
				DEVELOPMENT_TEAM = YNSMJAS38V;
				INFOPLIST_FILE = GoodEats/Info.plist;
				LD_RUNPATH_SEARCH_PATHS = (
					"$(inherited)",
					"@executable_path/Frameworks",
				);
				PRODUCT_BUNDLE_IDENTIFIER = com.williamyeung.GoodEats;
				PRODUCT_NAME = "$(TARGET_NAME)";
				SWIFT_VERSION = 5.0;
				TARGETED_DEVICE_FAMILY = "1,2";
			};
			name = Release;
		};
/* End XCBuildConfiguration section */

/* Begin XCConfigurationList section */
		4CCD6D1325D1EF2600B9E299 /* Build configuration list for PBXProject "GoodEats" */ = {
			isa = XCConfigurationList;
			buildConfigurations = (
				4CCD6D2A25D1EF2700B9E299 /* Debug */,
				4CCD6D2B25D1EF2700B9E299 /* Release */,
			);
			defaultConfigurationIsVisible = 0;
			defaultConfigurationName = Release;
		};
		4CCD6D2C25D1EF2700B9E299 /* Build configuration list for PBXNativeTarget "GoodEats" */ = {
			isa = XCConfigurationList;
			buildConfigurations = (
				4CCD6D2D25D1EF2700B9E299 /* Debug */,
				4CCD6D2E25D1EF2700B9E299 /* Release */,
			);
			defaultConfigurationIsVisible = 0;
			defaultConfigurationName = Release;
		};
/* End XCConfigurationList section */

/* Begin XCVersionGroup section */
		4CA8FD9825D79969007CE3A3 /* GoodEats.xcdatamodeld */ = {
			isa = XCVersionGroup;
			children = (
				4CA8FD9925D79969007CE3A3 /* GoodEats.xcdatamodel */,
			);
			currentVersion = 4CA8FD9925D79969007CE3A3 /* GoodEats.xcdatamodel */;
			path = GoodEats.xcdatamodeld;
			sourceTree = "<group>";
			versionGroupType = wrapper.xcdatamodel;
		};
/* End XCVersionGroup section */
	};
	rootObject = 4CCD6D1025D1EF2600B9E299 /* Project object */;
}
